NeoBundleLock ctrlp.vim 564176f01d7f3f7f8ab452ff4e1f5314de7b0981
NeoBundleLock neobundle.vim 1d67a4b1bda8af557c30af249af8504d3cf22073
NeoBundleLock nerdtree af64474ebd604e817e3242a79f23c06a5d48d927
NeoBundleLock vim-airline 2be9a044e09f68bef0eb4dff27af7d22405968fe
NeoBundleLock vim-coffee-script b91dbe92ad794a85a03b089f384fa324ff4e0c3d
NeoBundleLock vim-easymotion 5c6f3cd9a713491e6b32752a05c45198aa91540a
NeoBundleLock vim-gotham a432e1277175d60a3055497802412d644acb1521
